// !$*UTF8*$!
{
	archiveVersion = 1;
	classes = {
	};
	objectVersion = 50;
	objects = {

/* Begin PBXBuildFile section */
		A2A8900526C613010044B12F /* AnimationSUIApp.swift in Sources */ = {isa = PBXBuildFile; fileRef = A2A8900426C613010044B12F /* AnimationSUIApp.swift */; };
		A2A8900726C613010044B12F /* ContentView.swift in Sources */ = {isa = PBXBuildFile; fileRef = A2A8900626C613010044B12F /* ContentView.swift */; };
		A2A8900926C613020044B12F /* Assets.xcassets in Resources */ = {isa = PBXBuildFile; fileRef = A2A8900826C613020044B12F /* Assets.xcassets */; };
		A2A8900C26C613020044B12F /* Preview Assets.xcassets in Resources */ = {isa = PBXBuildFile; fileRef = A2A8900B26C613020044B12F /* Preview Assets.xcassets */; };
		A2A8901826C6164F0044B12F /* GrassView.swift in Sources */ = {isa = PBXBuildFile; fileRef = A2A8901726C6164F0044B12F /* GrassView.swift */; };
		A2A8901A26C61CEA0044B12F /* SkyBackgroundView.swift in Sources */ = {isa = PBXBuildFile; fileRef = A2A8901926C61CEA0044B12F /* SkyBackgroundView.swift */; };
		A2A8901C26C61F820044B12F /* SunView.swift in Sources */ = {isa = PBXBuildFile; fileRef = A2A8901B26C61F820044B12F /* SunView.swift */; };
		A2A8901E26C6226D0044B12F /* FlowerView.swift in Sources */ = {isa = PBXBuildFile; fileRef = A2A8901D26C6226D0044B12F /* FlowerView.swift */; };
		A2A8902326C62F600044B12F /* BeeView.swift in Sources */ = {isa = PBXBuildFile; fileRef = A2A8902226C62F600044B12F /* BeeView.swift */; };
/* End PBXBuildFile section */

/* Begin PBXFileReference section */
		A2A8900126C613010044B12F /* AnimationSUI.app */ = {isa = PBXFileReference; explicitFileType = wrapper.application; includeInIndex = 0; path = AnimationSUI.app; sourceTree = BUILT_PRODUCTS_DIR; };
		A2A8900426C613010044B12F /* AnimationSUIApp.swift */ = {isa = PBXFileReference; lastKnownFileType = sourcecode.swift; path = AnimationSUIApp.swift; sourceTree = "<group>"; };
		A2A8900626C613010044B12F /* ContentView.swift */ = {isa = PBXFileReference; lastKnownFileType = sourcecode.swift; path = ContentView.swift; sourceTree = "<group>"; };
		A2A8900826C613020044B12F /* Assets.xcassets */ = {isa = PBXFileReference; lastKnownFileType = folder.assetcatalog; path = Assets.xcassets; sourceTree = "<group>"; };
		A2A8900B26C613020044B12F /* Preview Assets.xcassets */ = {isa = PBXFileReference; lastKnownFileType = folder.assetcatalog; path = "Preview Assets.xcassets"; sourceTree = "<group>"; };
		A2A8900D26C613020044B12F /* Info.plist */ = {isa = PBXFileReference; lastKnownFileType = text.plist.xml; path = Info.plist; sourceTree = "<group>"; };
		A2A8901726C6164F0044B12F /* GrassView.swift */ = {isa = PBXFileReference; lastKnownFileType = sourcecode.swift; path = GrassView.swift; sourceTree = "<group>"; };
		A2A8901926C61CEA0044B12F /* SkyBackgroundView.swift */ = {isa = PBXFileReference; lastKnownFileType = sourcecode.swift; path = SkyBackgroundView.swift; sourceTree = "<group>"; };
		A2A8901B26C61F820044B12F /* SunView.swift */ = {isa = PBXFileReference; lastKnownFileType = sourcecode.swift; path = SunView.swift; sourceTree = "<group>"; };
		A2A8901D26C6226D0044B12F /* FlowerView.swift */ = {isa = PBXFileReference; lastKnownFileType = sourcecode.swift; path = FlowerView.swift; sourceTree = "<group>"; };
		A2A8902226C62F600044B12F /* BeeView.swift */ = {isa = PBXFileReference; lastKnownFileType = sourcecode.swift; path = BeeView.swift; sourceTree = "<group>"; };
/* End PBXFileReference section */

/* Begin PBXFrameworksBuildPhase section */
		A2A88FFE26C613010044B12F /* Frameworks */ = {
			isa = PBXFrameworksBuildPhase;
			buildActionMask = 2147483647;
			files = (
			);
			runOnlyForDeploymentPostprocessing = 0;
		};
/* End PBXFrameworksBuildPhase section */

/* Begin PBXGroup section */
		A2A88FF826C613010044B12F = {
			isa = PBXGroup;
			children = (
				A2A8900326C613010044B12F /* AnimationSUI */,
				A2A8900226C613010044B12F /* Products */,
			);
			sourceTree = "<group>";
		};
		A2A8900226C613010044B12F /* Products */ = {
			isa = PBXGroup;
			children = (
				A2A8900126C613010044B12F /* AnimationSUI.app */,
			);
			name = Products;
			sourceTree = "<group>";
		};
		A2A8900326C613010044B12F /* AnimationSUI */ = {
			isa = PBXGroup;
			children = (
				A2A8901626C616470044B12F /* Views */,
				A2A8901426C613C90044B12F /* Application */,
				A2A8901526C613E10044B12F /* Screens */,
				A2A8901326C613C10044B12F /* Resources */,
				A2A8900A26C613020044B12F /* Preview Content */,
			);
			path = AnimationSUI;
			sourceTree = "<group>";
		};
		A2A8900A26C613020044B12F /* Preview Content */ = {
			isa = PBXGroup;
			children = (
				A2A8900B26C613020044B12F /* Preview Assets.xcassets */,
			);
			path = "Preview Content";
			sourceTree = "<group>";
		};
		A2A8901326C613C10044B12F /* Resources */ = {
			isa = PBXGroup;
			children = (
				A2A8900826C613020044B12F /* Assets.xcassets */,
				A2A8900D26C613020044B12F /* Info.plist */,
			);
			path = Resources;
			sourceTree = "<group>";
		};
		A2A8901426C613C90044B12F /* Application */ = {
			isa = PBXGroup;
			children = (
				A2A8900426C613010044B12F /* AnimationSUIApp.swift */,
			);
			path = Application;
			sourceTree = "<group>";
		};
		A2A8901526C613E10044B12F /* Screens */ = {
			isa = PBXGroup;
			children = (
				A2A8900626C613010044B12F /* ContentView.swift */,
			);
			path = Screens;
			sourceTree = "<group>";
		};
		A2A8901626C616470044B12F /* Views */ = {
			isa = PBXGroup;
			children = (
				A2A8901726C6164F0044B12F /* GrassView.swift */,
				A2A8901926C61CEA0044B12F /* SkyBackgroundView.swift */,
				A2A8901B26C61F820044B12F /* SunView.swift */,
				A2A8901D26C6226D0044B12F /* FlowerView.swift */,
				A2A8902226C62F600044B12F /* BeeView.swift */,
			);
			path = Views;
			sourceTree = "<group>";
		};
/* End PBXGroup section */

/* Begin PBXNativeTarget section */
		A2A8900026C613010044B12F /* AnimationSUI */ = {
			isa = PBXNativeTarget;
			buildConfigurationList = A2A8901026C613020044B12F /* Build configuration list for PBXNativeTarget "AnimationSUI" */;
			buildPhases = (
				A2A88FFD26C613010044B12F /* Sources */,
				A2A88FFE26C613010044B12F /* Frameworks */,
				A2A88FFF26C613010044B12F /* Resources */,
			);
			buildRules = (
			);
			dependencies = (
			);
			name = AnimationSUI;
			productName = AnimationSUI;
			productReference = A2A8900126C613010044B12F /* AnimationSUI.app */;
			productType = "com.apple.product-type.application";
		};
/* End PBXNativeTarget section */

/* Begin PBXProject section */
		A2A88FF926C613010044B12F /* Project object */ = {
			isa = PBXProject;
			attributes = {
				LastSwiftUpdateCheck = 1250;
				LastUpgradeCheck = 1250;
				TargetAttributes = {
					A2A8900026C613010044B12F = {
						CreatedOnToolsVersion = 12.5.1;
					};
				};
			};
			buildConfigurationList = A2A88FFC26C613010044B12F /* Build configuration list for PBXProject "AnimationSUI" */;
			compatibilityVersion = "Xcode 9.3";
			developmentRegion = en;
			hasScannedForEncodings = 0;
			knownRegions = (
				en,
				Base,
			);
			mainGroup = A2A88FF826C613010044B12F;
			productRefGroup = A2A8900226C613010044B12F /* Products */;
			projectDirPath = "";
			projectRoot = "";
			targets = (
				A2A8900026C613010044B12F /* AnimationSUI */,
			);
		};
/* End PBXProject section */

/* Begin PBXResourcesBuildPhase section */
		A2A88FFF26C613010044B12F /* Resources */ = {
			isa = PBXResourcesBuildPhase;
			buildActionMask = 2147483647;
			files = (
				A2A8900C26C613020044B12F /* Preview Assets.xcassets in Resources */,
				A2A8900926C613020044B12F /* Assets.xcassets in Resources */,
			);
			runOnlyForDeploymentPostprocessing = 0;
		};
/* End PBXResourcesBuildPhase section */

/* Begin PBXSourcesBuildPhase section */
		A2A88FFD26C613010044B12F /* Sources */ = {
			isa = PBXSourcesBuildPhase;
			buildActionMask = 2147483647;
			files = (
				A2A8901C26C61F820044B12F /* SunView.swift in Sources */,
				A2A8900726C613010044B12F /* ContentView.swift in Sources */,
				A2A8901E26C6226D0044B12F /* FlowerView.swift in Sources */,
				A2A8902326C62F600044B12F /* BeeView.swift in Sources */,
				A2A8901A26C61CEA0044B12F /* SkyBackgroundView.swift in Sources */,
				A2A8900526C613010044B12F /* AnimationSUIApp.swift in Sources */,
				A2A8901826C6164F0044B12F /* GrassView.swift in Sources */,
			);
			runOnlyForDeploymentPostprocessing = 0;
		};
/* End PBXSourcesBuildPhase section */

/* Begin XCBuildConfiguration section */
		A2A8900E26C613020044B12F /* Debug */ = {
			isa = XCBuildConfiguration;
			buildSettings = {
				ALWAYS_SEARCH_USER_PATHS = NO;
				CLANG_ANALYZER_NONNULL = YES;
				CLANG_ANALYZER_NUMBER_OBJECT_CONVERSION = YES_AGGRESSIVE;
				CLANG_CXX_LANGUAGE_STANDARD = "gnu++14";
				CLANG_CXX_LIBRARY = "libc++";
				CLANG_ENABLE_MODULES = YES;
				CLANG_ENABLE_OBJC_ARC = YES;
				CLANG_ENABLE_OBJC_WEAK = YES;
				CLANG_WARN_BLOCK_CAPTURE_AUTORELEASING = YES;
				CLANG_WARN_BOOL_CONVERSION = YES;
				CLANG_WARN_COMMA = YES;
				CLANG_WARN_CONSTANT_CONVERSION = YES;
				CLANG_WARN_DEPRECATED_OBJC_IMPLEMENTATIONS = YES;
				CLANG_WARN_DIRECT_OBJC_ISA_USAGE = YES_ERROR;
				CLANG_WARN_DOCUMENTATION_COMMENTS = YES;
				CLANG_WARN_EMPTY_BODY = YES;
				CLANG_WARN_ENUM_CONVERSION = YES;
				CLANG_WARN_INFINITE_RECURSION = YES;
				CLANG_WARN_INT_CONVERSION = YES;
				CLANG_WARN_NON_LITERAL_NULL_CONVERSION = YES;
				CLANG_WARN_OBJC_IMPLICIT_RETAIN_SELF = YES;
				CLANG_WARN_OBJC_LITERAL_CONVERSION = YES;
				CLANG_WARN_OBJC_ROOT_CLASS = YES_ERROR;
				CLANG_WARN_QUOTED_INCLUDE_IN_FRAMEWORK_HEADER = YES;
				CLANG_WARN_RANGE_LOOP_ANALYSIS = YES;
				CLANG_WARN_STRICT_PROTOTYPES = YES;
				CLANG_WARN_SUSPICIOUS_MOVE = YES;
				CLANG_WARN_UNGUARDED_AVAILABILITY = YES_AGGRESSIVE;
				CLANG_WARN_UNREACHABLE_CODE = YES;
				CLANG_WARN__DUPLICATE_METHOD_MATCH = YES;
				COPY_PHASE_STRIP = NO;
				DEBUG_INFORMATION_FORMAT = dwarf;
				ENABLE_STRICT_OBJC_MSGSEND = YES;
				ENABLE_TESTABILITY = YES;
				GCC_C_LANGUAGE_STANDARD = gnu11;
				GCC_DYNAMIC_NO_PIC = NO;
				GCC_NO_COMMON_BLOCKS = YES;
				GCC_OPTIMIZATION_LEVEL = 0;
				GCC_PREPROCESSOR_DEFINITIONS = (
					"DEBUG=1",
					"$(inherited)",
				);
				GCC_WARN_64_TO_32_BIT_CONVERSION = YES;
				GCC_WARN_ABOUT_RETURN_TYPE = YES_ERROR;
				GCC_WARN_UNDECLARED_SELECTOR = YES;
				GCC_WARN_UNINITIALIZED_AUTOS = YES_AGGRESSIVE;
				GCC_WARN_UNUSED_FUNCTION = YES;
				GCC_WARN_UNUSED_VARIABLE = YES;
				IPHONEOS_DEPLOYMENT_TARGET = 14.5;
				MTL_ENABLE_DEBUG_INFO = INCLUDE_SOURCE;
				MTL_FAST_MATH = YES;
				ONLY_ACTIVE_ARCH = YES;
				SDKROOT = iphoneos;
				SWIFT_ACTIVE_COMPILATION_CONDITIONS = DEBUG;
				SWIFT_OPTIMIZATION_LEVEL = "-Onone";
			};
			name = Debug;
		};
		A2A8900F26C613020044B12F /* Release */ = {
			isa = XCBuildConfiguration;
			buildSettings = {
				ALWAYS_SEARCH_USER_PATHS = NO;
				CLANG_ANALYZER_NONNULL = YES;
				CLANG_ANALYZER_NUMBER_OBJECT_CONVERSION = YES_AGGRESSIVE;
				CLANG_CXX_LANGUAGE_STANDARD = "gnu++14";
				CLANG_CXX_LIBRARY = "libc++";
				CLANG_ENABLE_MODULES = YES;
				CLANG_ENABLE_OBJC_ARC = YES;
				CLANG_ENABLE_OBJC_WEAK = YES;
				CLANG_WARN_BLOCK_CAPTURE_AUTORELEASING = YES;
				CLANG_WARN_BOOL_CONVERSION = YES;
				CLANG_WARN_COMMA = YES;
				CLANG_WARN_CONSTANT_CONVERSION = YES;
				CLANG_WARN_DEPRECATED_OBJC_IMPLEMENTATIONS = YES;
				CLANG_WARN_DIRECT_OBJC_ISA_USAGE = YES_ERROR;
				CLANG_WARN_DOCUMENTATION_COMMENTS = YES;
				CLANG_WARN_EMPTY_BODY = YES;
				CLANG_WARN_ENUM_CONVERSION = YES;
				CLANG_WARN_INFINITE_RECURSION = YES;
				CLANG_WARN_INT_CONVERSION = YES;
				CLANG_WARN_NON_LITERAL_NULL_CONVERSION = YES;
				CLANG_WARN_OBJC_IMPLICIT_RETAIN_SELF = YES;
				CLANG_WARN_OBJC_LITERAL_CONVERSION = YES;
				CLANG_WARN_OBJC_ROOT_CLASS = YES_ERROR;
				CLANG_WARN_QUOTED_INCLUDE_IN_FRAMEWORK_HEADER = YES;
				CLANG_WARN_RANGE_LOOP_ANALYSIS = YES;
				CLANG_WARN_STRICT_PROTOTYPES = YES;
				CLANG_WARN_SUSPICIOUS_MOVE = YES;
				CLANG_WARN_UNGUARDED_AVAILABILITY = YES_AGGRESSIVE;
				CLANG_WARN_UNREACHABLE_CODE = YES;
				CLANG_WARN__DUPLICATE_METHOD_MATCH = YES;
				COPY_PHASE_STRIP = NO;
				DEBUG_INFORMATION_FORMAT = "dwarf-with-dsym";
				ENABLE_NS_ASSERTIONS = NO;
				ENABLE_STRICT_OBJC_MSGSEND = YES;
				GCC_C_LANGUAGE_STANDARD = gnu11;
				GCC_NO_COMMON_BLOCKS = YES;
				GCC_WARN_64_TO_32_BIT_CONVERSION = YES;
				GCC_WARN_ABOUT_RETURN_TYPE = YES_ERROR;
				GCC_WARN_UNDECLARED_SELECTOR = YES;
				GCC_WARN_UNINITIALIZED_AUTOS = YES_AGGRESSIVE;
				GCC_WARN_UNUSED_FUNCTION = YES;
				GCC_WARN_UNUSED_VARIABLE = YES;
				IPHONEOS_DEPLOYMENT_TARGET = 14.5;
				MTL_ENABLE_DEBUG_INFO = NO;
				MTL_FAST_MATH = YES;
				SDKROOT = iphoneos;
				SWIFT_COMPILATION_MODE = wholemodule;
				SWIFT_OPTIMIZATION_LEVEL = "-O";
				VALIDATE_PRODUCT = YES;
			};
			name = Release;
		};
		A2A8901126C613020044B12F /* Debug */ = {
			isa = XCBuildConfiguration;
			buildSettings = {
				ASSETCATALOG_COMPILER_APPICON_NAME = AppIcon;
				ASSETCATALOG_COMPILER_GLOBAL_ACCENT_COLOR_NAME = AccentColor;
				CODE_SIGN_STYLE = Automatic;
				DEVELOPMENT_ASSET_PATHS = "\"AnimationSUI/Preview Content\"";
				DEVELOPMENT_TEAM = HP2GYZ69BY;
				ENABLE_PREVIEWS = YES;
				INFOPLIST_FILE = AnimationSUI/Resources/Info.plist;
				IPHONEOS_DEPLOYMENT_TARGET = 14.0;
				LD_RUNPATH_SEARCH_PATHS = (
					"$(inherited)",
					"@executable_path/Frameworks",
				);
				PRODUCT_BUNDLE_IDENTIFIER = ru.bearcode.AnimationSUI;
				PRODUCT_NAME = "$(TARGET_NAME)";
				SWIFT_VERSION = 5.0;
				TARGETED_DEVICE_FAMILY = "1,2";
			};
			name = Debug;
		};
		A2A8901226C613020044B12F /* Release */ = {
			isa = XCBuildConfiguration;
			buildSettings = {
				ASSETCATALOG_COMPILER_APPICON_NAME = AppIcon;
				ASSETCATALOG_COMPILER_GLOBAL_ACCENT_COLOR_NAME = AccentColor;
				CODE_SIGN_STYLE = Automatic;
				DEVELOPMENT_ASSET_PATHS = "\"AnimationSUI/Preview Content\"";
				DEVELOPMENT_TEAM = HP2GYZ69BY;
				ENABLE_PREVIEWS = YES;
				INFOPLIST_FILE = AnimationSUI/Resources/Info.plist;
				IPHONEOS_DEPLOYMENT_TARGET = 14.0;
				LD_RUNPATH_SEARCH_PATHS = (
					"$(inherited)",
					"@executable_path/Frameworks",
				);
				PRODUCT_BUNDLE_IDENTIFIER = ru.bearcode.AnimationSUI;
				PRODUCT_NAME = "$(TARGET_NAME)";
				SWIFT_VERSION = 5.0;
				TARGETED_DEVICE_FAMILY = "1,2";
			};
			name = Release;
		};
/* End XCBuildConfiguration section */

/* Begin XCConfigurationList section */
		A2A88FFC26C613010044B12F /* Build configuration list for PBXProject "AnimationSUI" */ = {
			isa = XCConfigurationList;
			buildConfigurations = (
				A2A8900E26C613020044B12F /* Debug */,
				A2A8900F26C613020044B12F /* Release */,
			);
			defaultConfigurationIsVisible = 0;
			defaultConfigurationName = Release;
		};
		A2A8901026C613020044B12F /* Build configuration list for PBXNativeTarget "AnimationSUI" */ = {
			isa = XCConfigurationList;
			buildConfigurations = (
				A2A8901126C613020044B12F /* Debug */,
				A2A8901226C613020044B12F /* Release */,
			);
			defaultConfigurationIsVisible = 0;
			defaultConfigurationName = Release;
		};
/* End XCConfigurationList section */
	};
	rootObject = A2A88FF926C613010044B12F /* Project object */;
}
